
Microsoft Visual Studio Solution File, Format Version 12.00
# Visual Studio Version 17
VisualStudioVersion = 17.2.32516.85
MinimumVisualStudioVersion = 10.0.40219.1
Project("{9A19103F-16F7-4668-BE54-9A1E7A4F7556}") = "StudentPersonalAccount", "StudentPersonalAccount\StudentPersonalAccount.csproj", "{7A6B475B-28BB-475C-BE45-18C82A35C616}"
EndProject
Project("{FAE04EC0-301F-11D3-BF4B-00C04F79EFBC}") = "StudentPersonalAccountTest", "StudentPersonalAccountTest\StudentPersonalAccountTest.csproj", "{EED760F5-E4F8-47D5-BA6A-2386B617CD8D}"
EndProject
Global
	GlobalSection(SolutionConfigurationPlatforms) = preSolution
		Debug|Any CPU = Debug|Any CPU
		Release|Any CPU = Release|Any CPU
	EndGlobalSection
	GlobalSection(ProjectConfigurationPlatforms) = postSolution
		{7A6B475B-28BB-475C-BE45-18C82A35C616}.Debug|Any CPU.ActiveCfg = Debug|Any CPU
		{7A6B475B-28BB-475C-BE45-18C82A35C616}.Debug|Any CPU.Build.0 = Debug|Any CPU
		{7A6B475B-28BB-475C-BE45-18C82A35C616}.Release|Any CPU.ActiveCfg = Release|Any CPU
		{7A6B475B-28BB-475C-BE45-18C82A35C616}.Release|Any CPU.Build.0 = Release|Any CPU
		{EED760F5-E4F8-47D5-BA6A-2386B617CD8D}.Debug|Any CPU.ActiveCfg = Debug|Any CPU
		{EED760F5-E4F8-47D5-BA6A-2386B617CD8D}.Debug|Any CPU.Build.0 = Debug|Any CPU
		{EED760F5-E4F8-47D5-BA6A-2386B617CD8D}.Release|Any CPU.ActiveCfg = Release|Any CPU
		{EED760F5-E4F8-47D5-BA6A-2386B617CD8D}.Release|Any CPU.Build.0 = Release|Any CPU
	EndGlobalSection
	GlobalSection(SolutionProperties) = preSolution
		HideSolutionNode = FALSE
	EndGlobalSection
	GlobalSection(ExtensibilityGlobals) = postSolution
		SolutionGuid = {46792CA5-07ED-4B0A-B7F7-583CA0FDA1E5}
	EndGlobalSection
EndGlobal
